
Microsoft Visual Studio Solution File, Format Version 12.00
# Visual Studio 14
VisualStudioVersion = 14.0.23107.0
MinimumVisualStudioVersion = 10.0.40219.1
Project("{FAE04EC0-301F-11D3-BF4B-00C04F79EFBC}") = "UiAutomation.Logic", "UiAutomation.Logic\UiAutomation.Logic.csproj", "{2962F758-08D9-40B5-8F63-BD63FC324525}"
EndProject
Project("{FAE04EC0-301F-11D3-BF4B-00C04F79EFBC}") = "UiAutomation.Service", "UiAutomation.Service\UiAutomation.Service.csproj", "{B63B457F-A5C9-45B9-885A-E2B30E9F48B3}"
EndProject
Project("{FAE04EC0-301F-11D3-BF4B-00C04F79EFBC}") = "UiAutomation.Contract", "UiAutomation.Contract\UiAutomation.Contract.csproj", "{A9A4E893-D988-42A9-808F-1C2A64943C79}"
EndProject
Project("{FAE04EC0-301F-11D3-BF4B-00C04F79EFBC}") = "UiAutomation.Tests", "UiAutomation.Tests\UiAutomation.Tests.csproj", "{380277A9-B919-431A-93E6-DD7D189C66E6}"
EndProject
Global
	GlobalSection(SolutionConfigurationPlatforms) = preSolution
		Debug|Any CPU = Debug|Any CPU
		Debug|x86 = Debug|x86
		Release|Any CPU = Release|Any CPU
		Release|x86 = Release|x86
	EndGlobalSection
	GlobalSection(ProjectConfigurationPlatforms) = postSolution
		{2962F758-08D9-40B5-8F63-BD63FC324525}.Debug|Any CPU.ActiveCfg = Debug|Any CPU
		{2962F758-08D9-40B5-8F63-BD63FC324525}.Debug|Any CPU.Build.0 = Debug|Any CPU
		{2962F758-08D9-40B5-8F63-BD63FC324525}.Debug|x86.ActiveCfg = Debug|Any CPU
		{2962F758-08D9-40B5-8F63-BD63FC324525}.Debug|x86.Build.0 = Debug|Any CPU
		{2962F758-08D9-40B5-8F63-BD63FC324525}.Release|Any CPU.ActiveCfg = Release|Any CPU
		{2962F758-08D9-40B5-8F63-BD63FC324525}.Release|Any CPU.Build.0 = Release|Any CPU
		{2962F758-08D9-40B5-8F63-BD63FC324525}.Release|x86.ActiveCfg = Release|Any CPU
		{2962F758-08D9-40B5-8F63-BD63FC324525}.Release|x86.Build.0 = Release|Any CPU
		{B63B457F-A5C9-45B9-885A-E2B30E9F48B3}.Debug|Any CPU.ActiveCfg = Debug|Any CPU
		{B63B457F-A5C9-45B9-885A-E2B30E9F48B3}.Debug|Any CPU.Build.0 = Debug|Any CPU
		{B63B457F-A5C9-45B9-885A-E2B30E9F48B3}.Debug|x86.ActiveCfg = Debug|Any CPU
		{B63B457F-A5C9-45B9-885A-E2B30E9F48B3}.Debug|x86.Build.0 = Debug|Any CPU
		{B63B457F-A5C9-45B9-885A-E2B30E9F48B3}.Release|Any CPU.ActiveCfg = Release|Any CPU
		{B63B457F-A5C9-45B9-885A-E2B30E9F48B3}.Release|Any CPU.Build.0 = Release|Any CPU
		{B63B457F-A5C9-45B9-885A-E2B30E9F48B3}.Release|x86.ActiveCfg = Release|Any CPU
		{B63B457F-A5C9-45B9-885A-E2B30E9F48B3}.Release|x86.Build.0 = Release|Any CPU
		{A9A4E893-D988-42A9-808F-1C2A64943C79}.Debug|Any CPU.ActiveCfg = Debug|Any CPU
		{A9A4E893-D988-42A9-808F-1C2A64943C79}.Debug|Any CPU.Build.0 = Debug|Any CPU
		{A9A4E893-D988-42A9-808F-1C2A64943C79}.Debug|x86.ActiveCfg = Debug|Any CPU
		{A9A4E893-D988-42A9-808F-1C2A64943C79}.Debug|x86.Build.0 = Debug|Any CPU
		{A9A4E893-D988-42A9-808F-1C2A64943C79}.Release|Any CPU.ActiveCfg = Release|Any CPU
		{A9A4E893-D988-42A9-808F-1C2A64943C79}.Release|Any CPU.Build.0 = Release|Any CPU
		{A9A4E893-D988-42A9-808F-1C2A64943C79}.Release|x86.ActiveCfg = Release|Any CPU
		{A9A4E893-D988-42A9-808F-1C2A64943C79}.Release|x86.Build.0 = Release|Any CPU
		{380277A9-B919-431A-93E6-DD7D189C66E6}.Debug|Any CPU.ActiveCfg = Debug|Any CPU
		{380277A9-B919-431A-93E6-DD7D189C66E6}.Debug|Any CPU.Build.0 = Debug|Any CPU
		{380277A9-B919-431A-93E6-DD7D189C66E6}.Debug|x86.ActiveCfg = Debug|Any CPU
		{380277A9-B919-431A-93E6-DD7D189C66E6}.Debug|x86.Build.0 = Debug|Any CPU
		{380277A9-B919-431A-93E6-DD7D189C66E6}.Release|Any CPU.ActiveCfg = Release|Any CPU
		{380277A9-B919-431A-93E6-DD7D189C66E6}.Release|Any CPU.Build.0 = Release|Any CPU
		{380277A9-B919-431A-93E6-DD7D189C66E6}.Release|x86.ActiveCfg = Release|Any CPU
		{380277A9-B919-431A-93E6-DD7D189C66E6}.Release|x86.Build.0 = Release|Any CPU
	EndGlobalSection
	GlobalSection(SolutionProperties) = preSolution
		HideSolutionNode = FALSE
	EndGlobalSection
EndGlobal
